{
  "object": {
    "pins": [
      {
        "package": "meilisearch-swift",
        "repositoryURL": "https://github.com/meilisearch/meilisearch-swift.git",
        "state": {
          "branch": "main",
          "revision": "8cb0cceb7a92e5d5dc3f4f08fa2b3f90e76265af",
          "version": null
        }
      }
    ]
  },
  "version": 1
}
