{
  "pins" : [
    {
      "identity" : "corestore",
      "kind" : "remoteSourceControl",
      "location" : "https://github.com/JohnEstropia/CoreStore",
      "state" : {
        "branch" : "develop",
        "revision" : "3317867a2f9709b8e3384488be8fffdae740733c"
      }
    },
    {
      "identity" : "meilisearch-swift",
      "kind" : "remoteSourceControl",
      "location" : "https://github.com/meilisearch/meilisearch-swift.git",
      "state" : {
        "branch" : "main",
        "revision" : "8cb0cceb7a92e5d5dc3f4f08fa2b3f90e76265af"
      }
    }
  ],
  "version" : 2
}
